Microsoft Visual Studio Solution File, Format Version 12.00
# Visual Studio 2012
Project("{FAE04EC0-301F-11D3-BF4B-00C04F79EFBC}") = "demo", "demo.csproj", "{A23322A6-CCA7-45A6-A92F-8CBD3FE9D173}"
EndProject
Global
	GlobalSection(SolutionConfigurationPlatforms) = preSolution
	Debug|Any CPU = Debug|Any CPU
	ExportDebug|Any CPU = ExportDebug|Any CPU
	ExportRelease|Any CPU = ExportRelease|Any CPU
	EndGlobalSection
	GlobalSection(ProjectConfigurationPlatforms) = postSolution
		{A23322A6-CCA7-45A6-A92F-8CBD3FE9D173}.Debug|Any CPU.ActiveCfg = Debug|Any CPU
		{A23322A6-CCA7-45A6-A92F-8CBD3FE9D173}.Debug|Any CPU.Build.0 = Debug|Any CPU
		{A23322A6-CCA7-45A6-A92F-8CBD3FE9D173}.ExportDebug|Any CPU.ActiveCfg = ExportDebug|Any CPU
		{A23322A6-CCA7-45A6-A92F-8CBD3FE9D173}.ExportDebug|Any CPU.Build.0 = ExportDebug|Any CPU
		{A23322A6-CCA7-45A6-A92F-8CBD3FE9D173}.ExportRelease|Any CPU.ActiveCfg = ExportRelease|Any CPU
		{A23322A6-CCA7-45A6-A92F-8CBD3FE9D173}.ExportRelease|Any CPU.Build.0 = ExportRelease|Any CPU
	EndGlobalSection
EndGlobal
